// !$*UTF8*$!
{
	archiveVersion = 1;
	classes = {
	};
	objectVersion = 50;
	objects = {

/* Begin PBXBuildFile section */
		D062F6F52558540E00674AC5 /* pokemon.csv in Resources */ = {isa = PBXBuildFile; fileRef = D062F6F42558540D00674AC5 /* pokemon.csv */; };
		D062F6F8255854E200674AC5 /* Pokemon.swift in Sources */ = {isa = PBXBuildFile; fileRef = D062F6F7255854E200674AC5 /* Pokemon.swift */; };
		D062F6FB25585B7300674AC5 /* PokeCell.swift in Sources */ = {isa = PBXBuildFile; fileRef = D062F6FA25585B7300674AC5 /* PokeCell.swift */; };
		D062F6FD25586DA300674AC5 /* csv.swift in Sources */ = {isa = PBXBuildFile; fileRef = D062F6FC25586DA200674AC5 /* csv.swift */; };
		D062F702255A412800674AC5 /* DetailViewController.swift in Sources */ = {isa = PBXBuildFile; fileRef = D062F701255A412800674AC5 /* DetailViewController.swift */; };
		D083D7CF2558297700D465DE /* AppDelegate.swift in Sources */ = {isa = PBXBuildFile; fileRef = D083D7CE2558297700D465DE /* AppDelegate.swift */; };
		D083D7D12558297700D465DE /* SceneDelegate.swift in Sources */ = {isa = PBXBuildFile; fileRef = D083D7D02558297700D465DE /* SceneDelegate.swift */; };
		D083D7D32558297700D465DE /* ViewController.swift in Sources */ = {isa = PBXBuildFile; fileRef = D083D7D22558297700D465DE /* ViewController.swift */; };
		D083D7D62558297700D465DE /* Main.storyboard in Resources */ = {isa = PBXBuildFile; fileRef = D083D7D42558297700D465DE /* Main.storyboard */; };
		D083D7D82558297A00D465DE /* Assets.xcassets in Resources */ = {isa = PBXBuildFile; fileRef = D083D7D72558297A00D465DE /* Assets.xcassets */; };
		D083D7DB2558297A00D465DE /* LaunchScreen.storyboard in Resources */ = {isa = PBXBuildFile; fileRef = D083D7D92558297A00D465DE /* LaunchScreen.storyboard */; };
/* End PBXBuildFile section */

/* Begin PBXFileReference section */
		D062F6F42558540D00674AC5 /* pokemon.csv */ = {isa = PBXFileReference; fileEncoding = 4; lastKnownFileType = text; path = pokemon.csv; sourceTree = "<group>"; };
		D062F6F7255854E200674AC5 /* Pokemon.swift */ = {isa = PBXFileReference; lastKnownFileType = sourcecode.swift; path = Pokemon.swift; sourceTree = "<group>"; };
		D062F6FA25585B7300674AC5 /* PokeCell.swift */ = {isa = PBXFileReference; lastKnownFileType = sourcecode.swift; path = PokeCell.swift; sourceTree = "<group>"; };
		D062F6FC25586DA200674AC5 /* csv.swift */ = {isa = PBXFileReference; lastKnownFileType = sourcecode.swift; path = csv.swift; sourceTree = "<group>"; };
		D062F701255A412800674AC5 /* DetailViewController.swift */ = {isa = PBXFileReference; lastKnownFileType = sourcecode.swift; path = DetailViewController.swift; sourceTree = "<group>"; };
		D083D7CB2558297700D465DE /* Pokedex.app */ = {isa = PBXFileReference; explicitFileType = wrapper.application; includeInIndex = 0; path = Pokedex.app; sourceTree = BUILT_PRODUCTS_DIR; };
		D083D7CE2558297700D465DE /* AppDelegate.swift */ = {isa = PBXFileReference; lastKnownFileType = sourcecode.swift; path = AppDelegate.swift; sourceTree = "<group>"; };
		D083D7D02558297700D465DE /* SceneDelegate.swift */ = {isa = PBXFileReference; lastKnownFileType = sourcecode.swift; path = SceneDelegate.swift; sourceTree = "<group>"; };
		D083D7D22558297700D465DE /* ViewController.swift */ = {isa = PBXFileReference; lastKnownFileType = sourcecode.swift; path = ViewController.swift; sourceTree = "<group>"; };
		D083D7D52558297700D465DE /* Base */ = {isa = PBXFileReference; lastKnownFileType = file.storyboard; name = Base; path = Base.lproj/Main.storyboard; sourceTree = "<group>"; };
		D083D7D72558297A00D465DE /* Assets.xcassets */ = {isa = PBXFileReference; lastKnownFileType = folder.assetcatalog; path = Assets.xcassets; sourceTree = "<group>"; };
		D083D7DA2558297A00D465DE /* Base */ = {isa = PBXFileReference; lastKnownFileType = file.storyboard; name = Base; path = Base.lproj/LaunchScreen.storyboard; sourceTree = "<group>"; };
		D083D7DC2558297A00D465DE /* Info.plist */ = {isa = PBXFileReference; lastKnownFileType = text.plist.xml; path = Info.plist; sourceTree = "<group>"; };
/* End PBXFileReference section */

/* Begin PBXFrameworksBuildPhase section */
		D083D7C82558297700D465DE /* Frameworks */ = {
			isa = PBXFrameworksBuildPhase;
			buildActionMask = 2147483647;
			files = (
			);
			runOnlyForDeploymentPostprocessing = 0;
		};
/* End PBXFrameworksBuildPhase section */

/* Begin PBXGroup section */
		D062F6F6255854D400674AC5 /* Model */ = {
			isa = PBXGroup;
			children = (
				D062F6F7255854E200674AC5 /* Pokemon.swift */,
			);
			path = Model;
			sourceTree = "<group>";
		};
		D062F6F925585B4000674AC5 /* View */ = {
			isa = PBXGroup;
			children = (
				D062F6FA25585B7300674AC5 /* PokeCell.swift */,
			);
			path = View;
			sourceTree = "<group>";
		};
		D062F6FE25587F3600674AC5 /* Controller */ = {
			isa = PBXGroup;
			children = (
				D083D7D22558297700D465DE /* ViewController.swift */,
				D062F701255A412800674AC5 /* DetailViewController.swift */,
			);
			path = Controller;
			sourceTree = "<group>";
		};
		D062F6FF25587F6700674AC5 /* Resources */ = {
			isa = PBXGroup;
			children = (
				D062F6F42558540D00674AC5 /* pokemon.csv */,
			);
			path = Resources;
			sourceTree = "<group>";
		};
		D062F70025587F8900674AC5 /* Util */ = {
			isa = PBXGroup;
			children = (
				D062F6FC25586DA200674AC5 /* csv.swift */,
			);
			path = Util;
			sourceTree = "<group>";
		};
		D083D7C22558297700D465DE = {
			isa = PBXGroup;
			children = (
				D083D7CD2558297700D465DE /* Pokedex */,
				D083D7CC2558297700D465DE /* Products */,
			);
			sourceTree = "<group>";
		};
		D083D7CC2558297700D465DE /* Products */ = {
			isa = PBXGroup;
			children = (
				D083D7CB2558297700D465DE /* Pokedex.app */,
			);
			name = Products;
			sourceTree = "<group>";
		};
		D083D7CD2558297700D465DE /* Pokedex */ = {
			isa = PBXGroup;
			children = (
				D062F6F6255854D400674AC5 /* Model */,
				D062F6F925585B4000674AC5 /* View */,
				D062F6FE25587F3600674AC5 /* Controller */,
				D062F70025587F8900674AC5 /* Util */,
				D062F6FF25587F6700674AC5 /* Resources */,
				D083D7CE2558297700D465DE /* AppDelegate.swift */,
				D083D7D02558297700D465DE /* SceneDelegate.swift */,
				D083D7D42558297700D465DE /* Main.storyboard */,
				D083D7D72558297A00D465DE /* Assets.xcassets */,
				D083D7D92558297A00D465DE /* LaunchScreen.storyboard */,
				D083D7DC2558297A00D465DE /* Info.plist */,
			);
			path = Pokedex;
			sourceTree = "<group>";
		};
/* End PBXGroup section */

/* Begin PBXNativeTarget section */
		D083D7CA2558297700D465DE /* Pokedex */ = {
			isa = PBXNativeTarget;
			buildConfigurationList = D083D7DF2558297A00D465DE /* Build configuration list for PBXNativeTarget "Pokedex" */;
			buildPhases = (
				D083D7C72558297700D465DE /* Sources */,
				D083D7C82558297700D465DE /* Frameworks */,
				D083D7C92558297700D465DE /* Resources */,
			);
			buildRules = (
			);
			dependencies = (
			);
			name = Pokedex;
			productName = Pokedex;
			productReference = D083D7CB2558297700D465DE /* Pokedex.app */;
			productType = "com.apple.product-type.application";
		};
/* End PBXNativeTarget section */

/* Begin PBXProject section */
		D083D7C32558297700D465DE /* Project object */ = {
			isa = PBXProject;
			attributes = {
				LastSwiftUpdateCheck = 1160;
				LastUpgradeCheck = 1160;
				ORGANIZATIONNAME = "Peter Sumner";
				TargetAttributes = {
					D083D7CA2558297700D465DE = {
						CreatedOnToolsVersion = 11.6;
					};
				};
			};
			buildConfigurationList = D083D7C62558297700D465DE /* Build configuration list for PBXProject "Pokedex" */;
			compatibilityVersion = "Xcode 9.3";
			developmentRegion = en;
			hasScannedForEncodings = 0;
			knownRegions = (
				en,
				Base,
			);
			mainGroup = D083D7C22558297700D465DE;
			productRefGroup = D083D7CC2558297700D465DE /* Products */;
			projectDirPath = "";
			projectRoot = "";
			targets = (
				D083D7CA2558297700D465DE /* Pokedex */,
			);
		};
/* End PBXProject section */

/* Begin PBXResourcesBuildPhase section */
		D083D7C92558297700D465DE /* Resources */ = {
			isa = PBXResourcesBuildPhase;
			buildActionMask = 2147483647;
			files = (
				D083D7DB2558297A00D465DE /* LaunchScreen.storyboard in Resources */,
				D083D7D82558297A00D465DE /* Assets.xcassets in Resources */,
				D062F6F52558540E00674AC5 /* pokemon.csv in Resources */,
				D083D7D62558297700D465DE /* Main.storyboard in Resources */,
			);
			runOnlyForDeploymentPostprocessing = 0;
		};
/* End PBXResourcesBuildPhase section */

/* Begin PBXSourcesBuildPhase section */
		D083D7C72558297700D465DE /* Sources */ = {
			isa = PBXSourcesBuildPhase;
			buildActionMask = 2147483647;
			files = (
				D062F6FD25586DA300674AC5 /* csv.swift in Sources */,
				D083D7D32558297700D465DE /* ViewController.swift in Sources */,
				D062F6F8255854E200674AC5 /* Pokemon.swift in Sources */,
				D083D7CF2558297700D465DE /* AppDelegate.swift in Sources */,
				D083D7D12558297700D465DE /* SceneDelegate.swift in Sources */,
				D062F6FB25585B7300674AC5 /* PokeCell.swift in Sources */,
				D062F702255A412800674AC5 /* DetailViewController.swift in Sources */,
			);
			runOnlyForDeploymentPostprocessing = 0;
		};
/* End PBXSourcesBuildPhase section */

/* Begin PBXVariantGroup section */
		D083D7D42558297700D465DE /* Main.storyboard */ = {
			isa = PBXVariantGroup;
			children = (
				D083D7D52558297700D465DE /* Base */,
			);
			name = Main.storyboard;
			sourceTree = "<group>";
		};
		D083D7D92558297A00D465DE /* LaunchScreen.storyboard */ = {
			isa = PBXVariantGroup;
			children = (
				D083D7DA2558297A00D465DE /* Base */,
			);
			name = LaunchScreen.storyboard;
			sourceTree = "<group>";
		};
/* End PBXVariantGroup section */

/* Begin XCBuildConfiguration section */
		D083D7DD2558297A00D465DE /* Debug */ = {
			isa = XCBuildConfiguration;
			buildSettings = {
				ALWAYS_SEARCH_USER_PATHS = NO;
				CLANG_ANALYZER_NONNULL = YES;
				CLANG_ANALYZER_NUMBER_OBJECT_CONVERSION = YES_AGGRESSIVE;
				CLANG_CXX_LANGUAGE_STANDARD = "gnu++14";
				CLANG_CXX_LIBRARY = "libc++";
				CLANG_ENABLE_MODULES = YES;
				CLANG_ENABLE_OBJC_ARC = YES;
				CLANG_ENABLE_OBJC_WEAK = YES;
				CLANG_WARN_BLOCK_CAPTURE_AUTORELEASING = YES;
				CLANG_WARN_BOOL_CONVERSION = YES;
				CLANG_WARN_COMMA = YES;
				CLANG_WARN_CONSTANT_CONVERSION = YES;
				CLANG_WARN_DEPRECATED_OBJC_IMPLEMENTATIONS = YES;
				CLANG_WARN_DIRECT_OBJC_ISA_USAGE = YES_ERROR;
				CLANG_WARN_DOCUMENTATION_COMMENTS = YES;
				CLANG_WARN_EMPTY_BODY = YES;
				CLANG_WARN_ENUM_CONVERSION = YES;
				CLANG_WARN_INFINITE_RECURSION = YES;
				CLANG_WARN_INT_CONVERSION = YES;
				CLANG_WARN_NON_LITERAL_NULL_CONVERSION = YES;
				CLANG_WARN_OBJC_IMPLICIT_RETAIN_SELF = YES;
				CLANG_WARN_OBJC_LITERAL_CONVERSION = YES;
				CLANG_WARN_OBJC_ROOT_CLASS = YES_ERROR;
				CLANG_WARN_RANGE_LOOP_ANALYSIS = YES;
				CLANG_WARN_STRICT_PROTOTYPES = YES;
				CLANG_WARN_SUSPICIOUS_MOVE = YES;
				CLANG_WARN_UNGUARDED_AVAILABILITY = YES_AGGRESSIVE;
				CLANG_WARN_UNREACHABLE_CODE = YES;
				CLANG_WARN__DUPLICATE_METHOD_MATCH = YES;
				COPY_PHASE_STRIP = NO;
				DEBUG_INFORMATION_FORMAT = dwarf;
				ENABLE_STRICT_OBJC_MSGSEND = YES;
				ENABLE_TESTABILITY = YES;
				GCC_C_LANGUAGE_STANDARD = gnu11;
				GCC_DYNAMIC_NO_PIC = NO;
				GCC_NO_COMMON_BLOCKS = YES;
				GCC_OPTIMIZATION_LEVEL = 0;
				GCC_PREPROCESSOR_DEFINITIONS = (
					"DEBUG=1",
					"$(inherited)",
				);
				GCC_WARN_64_TO_32_BIT_CONVERSION = YES;
				GCC_WARN_ABOUT_RETURN_TYPE = YES_ERROR;
				GCC_WARN_UNDECLARED_SELECTOR = YES;
				GCC_WARN_UNINITIALIZED_AUTOS = YES_AGGRESSIVE;
				GCC_WARN_UNUSED_FUNCTION = YES;
				GCC_WARN_UNUSED_VARIABLE = YES;
				IPHONEOS_DEPLOYMENT_TARGET = 13.6;
				MTL_ENABLE_DEBUG_INFO = INCLUDE_SOURCE;
				MTL_FAST_MATH = YES;
				ONLY_ACTIVE_ARCH = YES;
				SDKROOT = iphoneos;
				SWIFT_ACTIVE_COMPILATION_CONDITIONS = DEBUG;
				SWIFT_OPTIMIZATION_LEVEL = "-Onone";
			};
			name = Debug;
		};
		D083D7DE2558297A00D465DE /* Release */ = {
			isa = XCBuildConfiguration;
			buildSettings = {
				ALWAYS_SEARCH_USER_PATHS = NO;
				CLANG_ANALYZER_NONNULL = YES;
				CLANG_ANALYZER_NUMBER_OBJECT_CONVERSION = YES_AGGRESSIVE;
				CLANG_CXX_LANGUAGE_STANDARD = "gnu++14";
				CLANG_CXX_LIBRARY = "libc++";
				CLANG_ENABLE_MODULES = YES;
				CLANG_ENABLE_OBJC_ARC = YES;
				CLANG_ENABLE_OBJC_WEAK = YES;
				CLANG_WARN_BLOCK_CAPTURE_AUTORELEASING = YES;
				CLANG_WARN_BOOL_CONVERSION = YES;
				CLANG_WARN_COMMA = YES;
				CLANG_WARN_CONSTANT_CONVERSION = YES;
				CLANG_WARN_DEPRECATED_OBJC_IMPLEMENTATIONS = YES;
				CLANG_WARN_DIRECT_OBJC_ISA_USAGE = YES_ERROR;
				CLANG_WARN_DOCUMENTATION_COMMENTS = YES;
				CLANG_WARN_EMPTY_BODY = YES;
				CLANG_WARN_ENUM_CONVERSION = YES;
				CLANG_WARN_INFINITE_RECURSION = YES;
				CLANG_WARN_INT_CONVERSION = YES;
				CLANG_WARN_NON_LITERAL_NULL_CONVERSION = YES;
				CLANG_WARN_OBJC_IMPLICIT_RETAIN_SELF = YES;
				CLANG_WARN_OBJC_LITERAL_CONVERSION = YES;
				CLANG_WARN_OBJC_ROOT_CLASS = YES_ERROR;
				CLANG_WARN_RANGE_LOOP_ANALYSIS = YES;
				CLANG_WARN_STRICT_PROTOTYPES = YES;
				CLANG_WARN_SUSPICIOUS_MOVE = YES;
				CLANG_WARN_UNGUARDED_AVAILABILITY = YES_AGGRESSIVE;
				CLANG_WARN_UNREACHABLE_CODE = YES;
				CLANG_WARN__DUPLICATE_METHOD_MATCH = YES;
				COPY_PHASE_STRIP = NO;
				DEBUG_INFORMATION_FORMAT = "dwarf-with-dsym";
				ENABLE_NS_ASSERTIONS = NO;
				ENABLE_STRICT_OBJC_MSGSEND = YES;
				GCC_C_LANGUAGE_STANDARD = gnu11;
				GCC_NO_COMMON_BLOCKS = YES;
				GCC_WARN_64_TO_32_BIT_CONVERSION = YES;
				GCC_WARN_ABOUT_RETURN_TYPE = YES_ERROR;
				GCC_WARN_UNDECLARED_SELECTOR = YES;
				GCC_WARN_UNINITIALIZED_AUTOS = YES_AGGRESSIVE;
				GCC_WARN_UNUSED_FUNCTION = YES;
				GCC_WARN_UNUSED_VARIABLE = YES;
				IPHONEOS_DEPLOYMENT_TARGET = 13.6;
				MTL_ENABLE_DEBUG_INFO = NO;
				MTL_FAST_MATH = YES;
				SDKROOT = iphoneos;
				SWIFT_COMPILATION_MODE = wholemodule;
				SWIFT_OPTIMIZATION_LEVEL = "-O";
				VALIDATE_PRODUCT = YES;
			};
			name = Release;
		};
		D083D7E02558297A00D465DE /* Debug */ = {
			isa = XCBuildConfiguration;
			buildSettings = {
				ASSETCATALOG_COMPILER_APPICON_NAME = AppIcon;
				CODE_SIGN_STYLE = Automatic;
				DEVELOPMENT_TEAM = 6MK8KL538A;
				INFOPLIST_FILE = Pokedex/Info.plist;
				LD_RUNPATH_SEARCH_PATHS = (
					"$(inherited)",
					"@executable_path/Frameworks",
				);
				PRODUCT_BUNDLE_IDENTIFIER = com.example.Pokedex;
				PRODUCT_NAME = "$(TARGET_NAME)";
				SWIFT_VERSION = 5.0;
				TARGETED_DEVICE_FAMILY = "1,2";
			};
			name = Debug;
		};
		D083D7E12558297A00D465DE /* Release */ = {
			isa = XCBuildConfiguration;
			buildSettings = {
				ASSETCATALOG_COMPILER_APPICON_NAME = AppIcon;
				CODE_SIGN_STYLE = Automatic;
				DEVELOPMENT_TEAM = 6MK8KL538A;
				INFOPLIST_FILE = Pokedex/Info.plist;
				LD_RUNPATH_SEARCH_PATHS = (
					"$(inherited)",
					"@executable_path/Frameworks",
				);
				PRODUCT_BUNDLE_IDENTIFIER = com.example.Pokedex;
				PRODUCT_NAME = "$(TARGET_NAME)";
				SWIFT_VERSION = 5.0;
				TARGETED_DEVICE_FAMILY = "1,2";
			};
			name = Release;
		};
/* End XCBuildConfiguration section */

/* Begin XCConfigurationList section */
		D083D7C62558297700D465DE /* Build configuration list for PBXProject "Pokedex" */ = {
			isa = XCConfigurationList;
			buildConfigurations = (
				D083D7DD2558297A00D465DE /* Debug */,
				D083D7DE2558297A00D465DE /* Release */,
			);
			defaultConfigurationIsVisible = 0;
			defaultConfigurationName = Release;
		};
		D083D7DF2558297A00D465DE /* Build configuration list for PBXNativeTarget "Pokedex" */ = {
			isa = XCConfigurationList;
			buildConfigurations = (
				D083D7E02558297A00D465DE /* Debug */,
				D083D7E12558297A00D465DE /* Release */,
			);
			defaultConfigurationIsVisible = 0;
			defaultConfigurationName = Release;
		};
/* End XCConfigurationList section */
	};
	rootObject = D083D7C32558297700D465DE /* Project object */;
}
